
Microsoft Visual Studio Solution File, Format Version 12.00
# Visual Studio 15
VisualStudioVersion = 15.0.27130.2010
MinimumVisualStudioVersion = 10.0.40219.1
Project("{FAE04EC0-301F-11D3-BF4B-00C04F79EFBC}") = "RabbiTeamLauncher", "RabbiTeamLauncher\RabbiTeamLauncher.csproj", "{B543481A-10D1-4AA0-B7B9-A105964D061E}"
EndProject
Global
	GlobalSection(SolutionConfigurationPlatforms) = preSolution
		Debug|Any CPU = Debug|Any CPU
		Debug|x64 = Debug|x64
		Release|Any CPU = Release|Any CPU
		Release|x64 = Release|x64
	EndGlobalSection
	GlobalSection(ProjectConfigurationPlatforms) = postSolution
		{B543481A-10D1-4AA0-B7B9-A105964D061E}.Debug|Any CPU.ActiveCfg = Debug|Any CPU
		{B543481A-10D1-4AA0-B7B9-A105964D061E}.Debug|Any CPU.Build.0 = Debug|Any CPU
		{B543481A-10D1-4AA0-B7B9-A105964D061E}.Debug|x64.ActiveCfg = Debug|Any CPU
		{B543481A-10D1-4AA0-B7B9-A105964D061E}.Debug|x64.Build.0 = Debug|Any CPU
		{B543481A-10D1-4AA0-B7B9-A105964D061E}.Release|Any CPU.ActiveCfg = Release|Any CPU
		{B543481A-10D1-4AA0-B7B9-A105964D061E}.Release|Any CPU.Build.0 = Release|Any CPU
		{B543481A-10D1-4AA0-B7B9-A105964D061E}.Release|x64.ActiveCfg = Release|Any CPU
		{B543481A-10D1-4AA0-B7B9-A105964D061E}.Release|x64.Build.0 = Release|Any CPU
	EndGlobalSection
	GlobalSection(SolutionProperties) = preSolution
		HideSolutionNode = FALSE
	EndGlobalSection
	GlobalSection(ExtensibilityGlobals) = postSolution
		SolutionGuid = {1E03495C-6345-490B-840D-FBD2C3FE4473}
	EndGlobalSection
EndGlobal
